
Microsoft Visual Studio Solution File, Format Version 12.00
# Visual Studio Version 16
VisualStudioVersion = 16.0.30503.244
MinimumVisualStudioVersion = 10.0.40219.1
Project("{FAE04EC0-301F-11D3-BF4B-00C04F79EFBC}") = "StringPrac", "StringPrac\StringPrac.csproj", "{A1359393-FFD6-40D9-866E-75B2BC6AC016}"
EndProject
Global
	GlobalSection(SolutionConfigurationPlatforms) = preSolution
		Debug|Any CPU = Debug|Any CPU
		Release|Any CPU = Release|Any CPU
	EndGlobalSection
	GlobalSection(ProjectConfigurationPlatforms) = postSolution
		{A1359393-FFD6-40D9-866E-75B2BC6AC016}.Debug|Any CPU.ActiveCfg = Debug|Any CPU
		{A1359393-FFD6-40D9-866E-75B2BC6AC016}.Debug|Any CPU.Build.0 = Debug|Any CPU
		{A1359393-FFD6-40D9-866E-75B2BC6AC016}.Release|Any CPU.ActiveCfg = Release|Any CPU
		{A1359393-FFD6-40D9-866E-75B2BC6AC016}.Release|Any CPU.Build.0 = Release|Any CPU
	EndGlobalSection
	GlobalSection(SolutionProperties) = preSolution
		HideSolutionNode = FALSE
	EndGlobalSection
	GlobalSection(ExtensibilityGlobals) = postSolution
		SolutionGuid = {A62A102D-B6C8-44E1-9839-9615160446A2}
	EndGlobalSection
EndGlobal
